
Microsoft Visual Studio Solution File, Format Version 12.00
# Visual Studio Version 17
VisualStudioVersion = 17.3.32804.467
MinimumVisualStudioVersion = 10.0.40219.1
Project("{FAE04EC0-301F-11D3-BF4B-00C04F79EFBC}") = "FavoriteSchoolSubject", "FavoriteSchoolSubject\FavoriteSchoolSubject.csproj", "{2C426737-3159-4A4A-A813-9207A8ADBFE4}"
EndProject
Global
	GlobalSection(SolutionConfigurationPlatforms) = preSolution
		Debug|Any CPU = Debug|Any CPU
		Release|Any CPU = Release|Any CPU
	EndGlobalSection
	GlobalSection(ProjectConfigurationPlatforms) = postSolution
		{2C426737-3159-4A4A-A813-9207A8ADBFE4}.Debug|Any CPU.ActiveCfg = Debug|Any CPU
		{2C426737-3159-4A4A-A813-9207A8ADBFE4}.Debug|Any CPU.Build.0 = Debug|Any CPU
		{2C426737-3159-4A4A-A813-9207A8ADBFE4}.Release|Any CPU.ActiveCfg = Release|Any CPU
		{2C426737-3159-4A4A-A813-9207A8ADBFE4}.Release|Any CPU.Build.0 = Release|Any CPU
	EndGlobalSection
	GlobalSection(SolutionProperties) = preSolution
		HideSolutionNode = FALSE
	EndGlobalSection
	GlobalSection(ExtensibilityGlobals) = postSolution
		SolutionGuid = {307ED7D9-D753-4C56-BA81-7492214EE5DD}
	EndGlobalSection
EndGlobal
